{
  "version": "5",
  "specifiers": {
    "jsr:@openai/openai@^5.12.2": "5.12.2",
    "jsr:@std/assert@^1.0.13": "1.0.13",
    "jsr:@std/cli@*": "1.0.21",
    "jsr:@std/cli@^1.0.21": "1.0.21",
    "jsr:@std/dotenv@~0.225.5": "0.225.5",
    "jsr:@std/fmt@^1.0.8": "1.0.8",
    "jsr:@std/internal@^1.0.6": "1.0.9",
    "jsr:@std/ulid@1": "1.0.0",
    "npm:@types/node@*": "22.15.15",
    "npm:valibot@^1.1.0": "1.1.0",
    "npm:zod@3": "3.22.4"
  },
  "jsr": {
    "@openai/openai@5.12.2": {
      "integrity": "42ad16ee17dc4885fc303cda3e54e9b57137d99a535a8640164c566645350c01",
      "dependencies": [
        "npm:zod"
      ]
    },
    "@std/assert@1.0.13": {
      "integrity": "ae0d31e41919b12c656c742b22522c32fb26ed0cba32975cb0de2a273cb68b29",
      "dependencies": [
        "jsr:@std/internal"
      ]
    },
    "@std/cli@1.0.21": {
      "integrity": "cd25b050bdf6282e321854e3822bee624f07aca7636a3a76d95f77a3a919ca2a"
    },
    "@std/dotenv@0.225.5": {
      "integrity": "9ce6f9d0ec3311f74a32535aa1b8c62ed88b1ab91b7f0815797d77a6f60c922f"
    },
    "@std/fmt@1.0.8": {
      "integrity": "71e1fc498787e4434d213647a6e43e794af4fd393ef8f52062246e06f7e372b7"
    },
    "@std/internal@1.0.9": {
      "integrity": "bdfb97f83e4db7a13e8faab26fb1958d1b80cc64366501af78a0aee151696eb8"
    },
    "@std/ulid@1.0.0": {
      "integrity": "d41c3d27a907714413649fee864b7cde8d42ee68437d22b79d5de4f81d808780"
    }
  },
  "npm": {
    "@types/node@22.15.15": {
      "integrity": "sha512-R5muMcZob3/Jjchn5LcO8jdKwSCbzqmPB6ruBxMcf9kbxtniZHP327s6C37iOfuw8mbKK3cAQa7sEl7afLrQ8A==",
      "dependencies": [
        "undici-types"
      ]
    },
    "undici-types@6.21.0": {
      "integrity": "sha512-iwDZqg0QAGrg9Rav5H4n0M64c3mkR59cJ6wQp+7C4nI0gsmExaedaYLNO44eT4AtBBwjbTiGPMlt2Md0T9H9JQ=="
    },
    "valibot@1.1.0": {
      "integrity": "sha512-Nk8lX30Qhu+9txPYTwM0cFlWLdPFsFr6LblzqIySfbZph9+BFsAHsNvHOymEviUepeIW6KFHzpX8TKhbptBXXw=="
    },
    "zod@3.22.4": {
      "integrity": "sha512-iC+8Io04lddc+mVqQ9AZ7OQ2MrUKGN+oIQyq1vemgt46jwCwLfhq7/pwnBnNXXXZb8VTVLKwp9EDkx+ryxIWmg=="
    }
  },
  "workspace": {
    "dependencies": [
      "jsr:@openai/openai@^5.12.2",
      "jsr:@std/assert@^1.0.13",
      "jsr:@std/cli@^1.0.21",
      "jsr:@std/dotenv@~0.225.5",
      "jsr:@std/fmt@^1.0.8",
      "jsr:@std/ulid@1",
      "npm:valibot@^1.1.0"
    ]
  }
}
